
Microsoft Visual Studio Solution File, Format Version 12.00
# Visual Studio Version 17
VisualStudioVersion = 17.14.36301.6
MinimumVisualStudioVersion = 10.0.40219.1
Project("{FAE04EC0-301F-11D3-BF4B-00C04F79EFBC}") = "AbleCheckbook", "AbleCheckbook\AbleCheckbook.csproj", "{8EE1DB62-5229-4A86-A763-2F14548BB6A2}"
EndProject
Project("{2150E333-8FDC-42A3-9474-1A3956D46DE8}") = "Solution Items", "Solution Items", "{FE9CE850-989D-44A6-A360-C5C70161E53D}"
	ProjectSection(SolutionItems) = preProject
		AbleCheckbook\Support\A.jpg = AbleCheckbook\Support\A.jpg
		BankConfigurations.json = BankConfigurations.json
		AbleCheckbook\Support\banner-en-US.png = AbleCheckbook\Support\banner-en-US.png
		AbleCheckbook\Support\eula.txt = AbleCheckbook\Support\eula.txt
		..\AbleStrategiesStuff\Features.txt = ..\AbleStrategiesStuff\Features.txt
		AbleCheckbook\Support\logo-en-US.png = AbleCheckbook\Support\logo-en-US.png
		..\AbleStrategiesStuff\Readme.txt = ..\AbleStrategiesStuff\Readme.txt
		..\AbleStrategiesStuff\Testing.txt = ..\AbleStrategiesStuff\Testing.txt
		..\AbleStrategiesStuff\Todo.txt = ..\AbleStrategiesStuff\Todo.txt
		AbleCheckbook\Support\watermark.jpg = AbleCheckbook\Support\watermark.jpg
	EndProjectSection
	ProjectSection(FolderGlobals) = preProject
		__JSONSchema = https://docs.gradle.com/build-cache-node/schema/build-cache-node-config-schema-5.json
	EndProjectSection
EndProject
Project("{FAE04EC0-301F-11D3-BF4B-00C04F79EFBC}") = "AbleLicensing", "AbleLicensing\AbleLicensing.csproj", "{C3821F75-6152-AFE6-68F8-7C20B0D4D6BA}"
EndProject
Project("{FAE04EC0-301F-11D3-BF4B-00C04F79EFBC}") = "AbleCheckbookTests", "AbleCheckbookTests\AbleCheckbookTests.csproj", "{3F48EBE1-B6E8-4ED5-B690-35E30681BCD8}"
EndProject
Project("{C7167F0D-BC9F-4E6E-AFE1-012C56B48DB5}") = "AbleCheckbookInstaller", "AbleCheckbookInstaller\AbleCheckbookInstaller.wapproj", "{80DA1F13-BC19-4046-ABD1-FF429DE706E5}"
EndProject
Global
	GlobalSection(SolutionConfigurationPlatforms) = preSolution
		Debug|Any CPU = Debug|Any CPU
		Debug|ARM = Debug|ARM
		Debug|ARM64 = Debug|ARM64
		Debug|x64 = Debug|x64
		Debug|x86 = Debug|x86
		Release|Any CPU = Release|Any CPU
		Release|ARM = Release|ARM
		Release|ARM64 = Release|ARM64
		Release|x64 = Release|x64
		Release|x86 = Release|x86
	EndGlobalSection
	GlobalSection(ProjectConfigurationPlatforms) = postSolution
		{8EE1DB62-5229-4A86-A763-2F14548BB6A2}.Debug|Any CPU.ActiveCfg = Debug|Any CPU
		{8EE1DB62-5229-4A86-A763-2F14548BB6A2}.Debug|Any CPU.Build.0 = Debug|Any CPU
		{8EE1DB62-5229-4A86-A763-2F14548BB6A2}.Debug|ARM.ActiveCfg = Debug|Any CPU
		{8EE1DB62-5229-4A86-A763-2F14548BB6A2}.Debug|ARM.Build.0 = Debug|Any CPU
		{8EE1DB62-5229-4A86-A763-2F14548BB6A2}.Debug|ARM64.ActiveCfg = Debug|Any CPU
		{8EE1DB62-5229-4A86-A763-2F14548BB6A2}.Debug|ARM64.Build.0 = Debug|Any CPU
		{8EE1DB62-5229-4A86-A763-2F14548BB6A2}.Debug|x64.ActiveCfg = Debug|Any CPU
		{8EE1DB62-5229-4A86-A763-2F14548BB6A2}.Debug|x64.Build.0 = Debug|Any CPU
		{8EE1DB62-5229-4A86-A763-2F14548BB6A2}.Debug|x86.ActiveCfg = Debug|Any CPU
		{8EE1DB62-5229-4A86-A763-2F14548BB6A2}.Debug|x86.Build.0 = Debug|Any CPU
		{8EE1DB62-5229-4A86-A763-2F14548BB6A2}.Release|Any CPU.ActiveCfg = Release|Any CPU
		{8EE1DB62-5229-4A86-A763-2F14548BB6A2}.Release|Any CPU.Build.0 = Release|Any CPU
		{8EE1DB62-5229-4A86-A763-2F14548BB6A2}.Release|ARM.ActiveCfg = Release|Any CPU
		{8EE1DB62-5229-4A86-A763-2F14548BB6A2}.Release|ARM.Build.0 = Release|Any CPU
		{8EE1DB62-5229-4A86-A763-2F14548BB6A2}.Release|ARM64.ActiveCfg = Release|Any CPU
		{8EE1DB62-5229-4A86-A763-2F14548BB6A2}.Release|ARM64.Build.0 = Release|Any CPU
		{8EE1DB62-5229-4A86-A763-2F14548BB6A2}.Release|x64.ActiveCfg = Release|Any CPU
		{8EE1DB62-5229-4A86-A763-2F14548BB6A2}.Release|x64.Build.0 = Release|Any CPU
		{8EE1DB62-5229-4A86-A763-2F14548BB6A2}.Release|x86.ActiveCfg = Release|Any CPU
		{8EE1DB62-5229-4A86-A763-2F14548BB6A2}.Release|x86.Build.0 = Release|Any CPU
		{C3821F75-6152-AFE6-68F8-7C20B0D4D6BA}.Debug|Any CPU.ActiveCfg = Debug|Any CPU
		{C3821F75-6152-AFE6-68F8-7C20B0D4D6BA}.Debug|Any CPU.Build.0 = Debug|Any CPU
		{C3821F75-6152-AFE6-68F8-7C20B0D4D6BA}.Debug|ARM.ActiveCfg = Debug|Any CPU
		{C3821F75-6152-AFE6-68F8-7C20B0D4D6BA}.Debug|ARM.Build.0 = Debug|Any CPU
		{C3821F75-6152-AFE6-68F8-7C20B0D4D6BA}.Debug|ARM64.ActiveCfg = Debug|Any CPU
		{C3821F75-6152-AFE6-68F8-7C20B0D4D6BA}.Debug|ARM64.Build.0 = Debug|Any CPU
		{C3821F75-6152-AFE6-68F8-7C20B0D4D6BA}.Debug|x64.ActiveCfg = Debug|Any CPU
		{C3821F75-6152-AFE6-68F8-7C20B0D4D6BA}.Debug|x64.Build.0 = Debug|Any CPU
		{C3821F75-6152-AFE6-68F8-7C20B0D4D6BA}.Debug|x86.ActiveCfg = Debug|Any CPU
		{C3821F75-6152-AFE6-68F8-7C20B0D4D6BA}.Debug|x86.Build.0 = Debug|Any CPU
		{C3821F75-6152-AFE6-68F8-7C20B0D4D6BA}.Release|Any CPU.ActiveCfg = Release|Any CPU
		{C3821F75-6152-AFE6-68F8-7C20B0D4D6BA}.Release|Any CPU.Build.0 = Release|Any CPU
		{C3821F75-6152-AFE6-68F8-7C20B0D4D6BA}.Release|ARM.ActiveCfg = Release|Any CPU
		{C3821F75-6152-AFE6-68F8-7C20B0D4D6BA}.Release|ARM.Build.0 = Release|Any CPU
		{C3821F75-6152-AFE6-68F8-7C20B0D4D6BA}.Release|ARM64.ActiveCfg = Release|Any CPU
		{C3821F75-6152-AFE6-68F8-7C20B0D4D6BA}.Release|ARM64.Build.0 = Release|Any CPU
		{C3821F75-6152-AFE6-68F8-7C20B0D4D6BA}.Release|x64.ActiveCfg = Release|Any CPU
		{C3821F75-6152-AFE6-68F8-7C20B0D4D6BA}.Release|x64.Build.0 = Release|Any CPU
		{C3821F75-6152-AFE6-68F8-7C20B0D4D6BA}.Release|x86.ActiveCfg = Release|Any CPU
		{C3821F75-6152-AFE6-68F8-7C20B0D4D6BA}.Release|x86.Build.0 = Release|Any CPU
		{3F48EBE1-B6E8-4ED5-B690-35E30681BCD8}.Debug|Any CPU.ActiveCfg = Debug|Any CPU
		{3F48EBE1-B6E8-4ED5-B690-35E30681BCD8}.Debug|Any CPU.Build.0 = Debug|Any CPU
		{3F48EBE1-B6E8-4ED5-B690-35E30681BCD8}.Debug|ARM.ActiveCfg = Debug|Any CPU
		{3F48EBE1-B6E8-4ED5-B690-35E30681BCD8}.Debug|ARM.Build.0 = Debug|Any CPU
		{3F48EBE1-B6E8-4ED5-B690-35E30681BCD8}.Debug|ARM64.ActiveCfg = Debug|Any CPU
		{3F48EBE1-B6E8-4ED5-B690-35E30681BCD8}.Debug|ARM64.Build.0 = Debug|Any CPU
		{3F48EBE1-B6E8-4ED5-B690-35E30681BCD8}.Debug|x64.ActiveCfg = Debug|Any CPU
		{3F48EBE1-B6E8-4ED5-B690-35E30681BCD8}.Debug|x64.Build.0 = Debug|Any CPU
		{3F48EBE1-B6E8-4ED5-B690-35E30681BCD8}.Debug|x86.ActiveCfg = Debug|Any CPU
		{3F48EBE1-B6E8-4ED5-B690-35E30681BCD8}.Debug|x86.Build.0 = Debug|Any CPU
		{3F48EBE1-B6E8-4ED5-B690-35E30681BCD8}.Release|Any CPU.ActiveCfg = Release|Any CPU
		{3F48EBE1-B6E8-4ED5-B690-35E30681BCD8}.Release|Any CPU.Build.0 = Release|Any CPU
		{3F48EBE1-B6E8-4ED5-B690-35E30681BCD8}.Release|ARM.ActiveCfg = Release|Any CPU
		{3F48EBE1-B6E8-4ED5-B690-35E30681BCD8}.Release|ARM.Build.0 = Release|Any CPU
		{3F48EBE1-B6E8-4ED5-B690-35E30681BCD8}.Release|ARM64.ActiveCfg = Release|Any CPU
		{3F48EBE1-B6E8-4ED5-B690-35E30681BCD8}.Release|ARM64.Build.0 = Release|Any CPU
		{3F48EBE1-B6E8-4ED5-B690-35E30681BCD8}.Release|x64.ActiveCfg = Release|Any CPU
		{3F48EBE1-B6E8-4ED5-B690-35E30681BCD8}.Release|x64.Build.0 = Release|Any CPU
		{3F48EBE1-B6E8-4ED5-B690-35E30681BCD8}.Release|x86.ActiveCfg = Release|Any CPU
		{3F48EBE1-B6E8-4ED5-B690-35E30681BCD8}.Release|x86.Build.0 = Release|Any CPU
		{80DA1F13-BC19-4046-ABD1-FF429DE706E5}.Debug|Any CPU.ActiveCfg = Debug|Any CPU
		{80DA1F13-BC19-4046-ABD1-FF429DE706E5}.Debug|Any CPU.Build.0 = Debug|Any CPU
		{80DA1F13-BC19-4046-ABD1-FF429DE706E5}.Debug|Any CPU.Deploy.0 = Debug|Any CPU
		{80DA1F13-BC19-4046-ABD1-FF429DE706E5}.Debug|ARM.ActiveCfg = Debug|ARM
		{80DA1F13-BC19-4046-ABD1-FF429DE706E5}.Debug|ARM.Build.0 = Debug|ARM
		{80DA1F13-BC19-4046-ABD1-FF429DE706E5}.Debug|ARM.Deploy.0 = Debug|ARM
		{80DA1F13-BC19-4046-ABD1-FF429DE706E5}.Debug|ARM64.ActiveCfg = Debug|ARM64
		{80DA1F13-BC19-4046-ABD1-FF429DE706E5}.Debug|ARM64.Build.0 = Debug|ARM64
		{80DA1F13-BC19-4046-ABD1-FF429DE706E5}.Debug|ARM64.Deploy.0 = Debug|ARM64
		{80DA1F13-BC19-4046-ABD1-FF429DE706E5}.Debug|x64.ActiveCfg = Debug|x64
		{80DA1F13-BC19-4046-ABD1-FF429DE706E5}.Debug|x64.Build.0 = Debug|x64
		{80DA1F13-BC19-4046-ABD1-FF429DE706E5}.Debug|x64.Deploy.0 = Debug|x64
		{80DA1F13-BC19-4046-ABD1-FF429DE706E5}.Debug|x86.ActiveCfg = Debug|x86
		{80DA1F13-BC19-4046-ABD1-FF429DE706E5}.Debug|x86.Build.0 = Debug|x86
		{80DA1F13-BC19-4046-ABD1-FF429DE706E5}.Debug|x86.Deploy.0 = Debug|x86
		{80DA1F13-BC19-4046-ABD1-FF429DE706E5}.Release|Any CPU.ActiveCfg = Release|Any CPU
		{80DA1F13-BC19-4046-ABD1-FF429DE706E5}.Release|Any CPU.Build.0 = Release|Any CPU
		{80DA1F13-BC19-4046-ABD1-FF429DE706E5}.Release|Any CPU.Deploy.0 = Release|Any CPU
		{80DA1F13-BC19-4046-ABD1-FF429DE706E5}.Release|ARM.ActiveCfg = Release|ARM
		{80DA1F13-BC19-4046-ABD1-FF429DE706E5}.Release|ARM.Build.0 = Release|ARM
		{80DA1F13-BC19-4046-ABD1-FF429DE706E5}.Release|ARM.Deploy.0 = Release|ARM
		{80DA1F13-BC19-4046-ABD1-FF429DE706E5}.Release|ARM64.ActiveCfg = Release|ARM64
		{80DA1F13-BC19-4046-ABD1-FF429DE706E5}.Release|ARM64.Build.0 = Release|ARM64
		{80DA1F13-BC19-4046-ABD1-FF429DE706E5}.Release|ARM64.Deploy.0 = Release|ARM64
		{80DA1F13-BC19-4046-ABD1-FF429DE706E5}.Release|x64.ActiveCfg = Release|x64
		{80DA1F13-BC19-4046-ABD1-FF429DE706E5}.Release|x64.Build.0 = Release|x64
		{80DA1F13-BC19-4046-ABD1-FF429DE706E5}.Release|x64.Deploy.0 = Release|x64
		{80DA1F13-BC19-4046-ABD1-FF429DE706E5}.Release|x86.ActiveCfg = Release|x86
		{80DA1F13-BC19-4046-ABD1-FF429DE706E5}.Release|x86.Build.0 = Release|x86
		{80DA1F13-BC19-4046-ABD1-FF429DE706E5}.Release|x86.Deploy.0 = Release|x86
	EndGlobalSection
	GlobalSection(SolutionProperties) = preSolution
		HideSolutionNode = FALSE
	EndGlobalSection
	GlobalSection(ExtensibilityGlobals) = postSolution
		SolutionGuid = {2DCD63B7-34A3-49C3-830A-818982200F5F}
	EndGlobalSection
EndGlobal
