
Microsoft Visual Studio Solution File, Format Version 12.00
# Visual Studio 15
VisualStudioVersion = 15.0.28307.1321
MinimumVisualStudioVersion = 10.0.40219.1
Project("{FAE04EC0-301F-11D3-BF4B-00C04F79EFBC}") = "AbleCheckbook", "AbleCheckbook\AbleCheckbook.csproj", "{8EE1DB62-5229-4A86-A763-2F14548BB6A2}"
EndProject
Project("{2150E333-8FDC-42A3-9474-1A3956D46DE8}") = "Solution Items", "Solution Items", "{FE9CE850-989D-44A6-A360-C5C70161E53D}"
	ProjectSection(SolutionItems) = preProject
		AbleCheckbook\Support\A.jpg = AbleCheckbook\Support\A.jpg
		AbleCheckbook\Support\banner-en-US.png = AbleCheckbook\Support\banner-en-US.png
		..\AbleStrategiesStuff\Features.txt = ..\AbleStrategiesStuff\Features.txt
		AbleCheckbook\Support\logo-en-US.png = AbleCheckbook\Support\logo-en-US.png
		..\AbleStrategiesStuff\Readme.txt = ..\AbleStrategiesStuff\Readme.txt
		..\AbleStrategiesStuff\Testing.txt = ..\AbleStrategiesStuff\Testing.txt
		..\AbleStrategiesStuff\Todo.txt = ..\AbleStrategiesStuff\Todo.txt
		AbleCheckbook\Support\watermark.jpg = AbleCheckbook\Support\watermark.jpg
	EndProjectSection
EndProject
Project("{FAE04EC0-301F-11D3-BF4B-00C04F79EFBC}") = "AbleCheckbookTests", "AbleCheckbookTests\AbleCheckbookTests.csproj", "{3F48EBE1-B6E8-4ED5-B690-35E30681BCD8}"
EndProject
Project("{9A19103F-16F7-4668-BE54-9A1E7A4F7556}") = "AbleLicensing", "AbleLicensing\AbleLicensing.csproj", "{CA62DA72-FC88-44CF-BE75-0068D5005E9D}"
EndProject
Project("{54435603-DBB4-11D2-8724-00A0C9A8B90C}") = "AbleCheckbookMsix", "AbleCheckbookMsix\AbleCheckbookSetup.vdproj", "{E9E65096-05F6-4B7D-A988-7B92E6CBD01A}"
EndProject
Global
	GlobalSection(SolutionConfigurationPlatforms) = preSolution
		Debug|Any CPU = Debug|Any CPU
		Debug|x64 = Debug|x64
		Debug|x86 = Debug|x86
		Release|Any CPU = Release|Any CPU
		Release|x64 = Release|x64
		Release|x86 = Release|x86
	EndGlobalSection
	GlobalSection(ProjectConfigurationPlatforms) = postSolution
		{8EE1DB62-5229-4A86-A763-2F14548BB6A2}.Debug|Any CPU.ActiveCfg = Debug|Any CPU
		{8EE1DB62-5229-4A86-A763-2F14548BB6A2}.Debug|Any CPU.Build.0 = Debug|Any CPU
		{8EE1DB62-5229-4A86-A763-2F14548BB6A2}.Debug|x64.ActiveCfg = Debug|Any CPU
		{8EE1DB62-5229-4A86-A763-2F14548BB6A2}.Debug|x64.Build.0 = Debug|Any CPU
		{8EE1DB62-5229-4A86-A763-2F14548BB6A2}.Debug|x86.ActiveCfg = Debug|Any CPU
		{8EE1DB62-5229-4A86-A763-2F14548BB6A2}.Debug|x86.Build.0 = Debug|Any CPU
		{8EE1DB62-5229-4A86-A763-2F14548BB6A2}.Release|Any CPU.ActiveCfg = Release|Any CPU
		{8EE1DB62-5229-4A86-A763-2F14548BB6A2}.Release|Any CPU.Build.0 = Release|Any CPU
		{8EE1DB62-5229-4A86-A763-2F14548BB6A2}.Release|x64.ActiveCfg = Release|Any CPU
		{8EE1DB62-5229-4A86-A763-2F14548BB6A2}.Release|x64.Build.0 = Release|Any CPU
		{8EE1DB62-5229-4A86-A763-2F14548BB6A2}.Release|x86.ActiveCfg = Release|Any CPU
		{8EE1DB62-5229-4A86-A763-2F14548BB6A2}.Release|x86.Build.0 = Release|Any CPU
		{3F48EBE1-B6E8-4ED5-B690-35E30681BCD8}.Debug|Any CPU.ActiveCfg = Debug|Any CPU
		{3F48EBE1-B6E8-4ED5-B690-35E30681BCD8}.Debug|Any CPU.Build.0 = Debug|Any CPU
		{3F48EBE1-B6E8-4ED5-B690-35E30681BCD8}.Debug|x64.ActiveCfg = Debug|Any CPU
		{3F48EBE1-B6E8-4ED5-B690-35E30681BCD8}.Debug|x64.Build.0 = Debug|Any CPU
		{3F48EBE1-B6E8-4ED5-B690-35E30681BCD8}.Debug|x86.ActiveCfg = Debug|Any CPU
		{3F48EBE1-B6E8-4ED5-B690-35E30681BCD8}.Debug|x86.Build.0 = Debug|Any CPU
		{3F48EBE1-B6E8-4ED5-B690-35E30681BCD8}.Release|Any CPU.ActiveCfg = Release|Any CPU
		{3F48EBE1-B6E8-4ED5-B690-35E30681BCD8}.Release|Any CPU.Build.0 = Release|Any CPU
		{3F48EBE1-B6E8-4ED5-B690-35E30681BCD8}.Release|x64.ActiveCfg = Release|Any CPU
		{3F48EBE1-B6E8-4ED5-B690-35E30681BCD8}.Release|x64.Build.0 = Release|Any CPU
		{3F48EBE1-B6E8-4ED5-B690-35E30681BCD8}.Release|x86.ActiveCfg = Release|Any CPU
		{3F48EBE1-B6E8-4ED5-B690-35E30681BCD8}.Release|x86.Build.0 = Release|Any CPU
		{CA62DA72-FC88-44CF-BE75-0068D5005E9D}.Debug|Any CPU.ActiveCfg = Debug|Any CPU
		{CA62DA72-FC88-44CF-BE75-0068D5005E9D}.Debug|Any CPU.Build.0 = Debug|Any CPU
		{CA62DA72-FC88-44CF-BE75-0068D5005E9D}.Debug|x64.ActiveCfg = Debug|Any CPU
		{CA62DA72-FC88-44CF-BE75-0068D5005E9D}.Debug|x64.Build.0 = Debug|Any CPU
		{CA62DA72-FC88-44CF-BE75-0068D5005E9D}.Debug|x86.ActiveCfg = Debug|Any CPU
		{CA62DA72-FC88-44CF-BE75-0068D5005E9D}.Debug|x86.Build.0 = Debug|Any CPU
		{CA62DA72-FC88-44CF-BE75-0068D5005E9D}.Release|Any CPU.ActiveCfg = Release|Any CPU
		{CA62DA72-FC88-44CF-BE75-0068D5005E9D}.Release|Any CPU.Build.0 = Release|Any CPU
		{CA62DA72-FC88-44CF-BE75-0068D5005E9D}.Release|x64.ActiveCfg = Release|Any CPU
		{CA62DA72-FC88-44CF-BE75-0068D5005E9D}.Release|x64.Build.0 = Release|Any CPU
		{CA62DA72-FC88-44CF-BE75-0068D5005E9D}.Release|x86.ActiveCfg = Release|Any CPU
		{CA62DA72-FC88-44CF-BE75-0068D5005E9D}.Release|x86.Build.0 = Release|Any CPU
		{E9E65096-05F6-4B7D-A988-7B92E6CBD01A}.Debug|Any CPU.ActiveCfg = Debug
		{E9E65096-05F6-4B7D-A988-7B92E6CBD01A}.Debug|Any CPU.Build.0 = Debug
		{E9E65096-05F6-4B7D-A988-7B92E6CBD01A}.Debug|x64.ActiveCfg = Debug
		{E9E65096-05F6-4B7D-A988-7B92E6CBD01A}.Debug|x64.Build.0 = Debug
		{E9E65096-05F6-4B7D-A988-7B92E6CBD01A}.Debug|x86.ActiveCfg = Debug
		{E9E65096-05F6-4B7D-A988-7B92E6CBD01A}.Debug|x86.Build.0 = Debug
		{E9E65096-05F6-4B7D-A988-7B92E6CBD01A}.Release|Any CPU.ActiveCfg = Release
		{E9E65096-05F6-4B7D-A988-7B92E6CBD01A}.Release|Any CPU.Build.0 = Release
		{E9E65096-05F6-4B7D-A988-7B92E6CBD01A}.Release|x64.ActiveCfg = Release
		{E9E65096-05F6-4B7D-A988-7B92E6CBD01A}.Release|x64.Build.0 = Release
		{E9E65096-05F6-4B7D-A988-7B92E6CBD01A}.Release|x86.ActiveCfg = Release
		{E9E65096-05F6-4B7D-A988-7B92E6CBD01A}.Release|x86.Build.0 = Release
	EndGlobalSection
	GlobalSection(SolutionProperties) = preSolution
		HideSolutionNode = FALSE
	EndGlobalSection
	GlobalSection(ExtensibilityGlobals) = postSolution
		SolutionGuid = {2DCD63B7-34A3-49C3-830A-818982200F5F}
	EndGlobalSection
EndGlobal
